
Microsoft Visual Studio Solution File, Format Version 12.00
# Visual Studio 2013
VisualStudioVersion = 12.0.31101.0
MinimumVisualStudioVersion = 10.0.40219.1
Project("{FAE04EC0-301F-11D3-BF4B-00C04F79EFBC}") = "JsonParser", "JsonParser\JsonParser.csproj", "{CC8498BF-F53A-48AF-9778-CD9CE7B8CB94}"
EndProject
Project("{FAE04EC0-301F-11D3-BF4B-00C04F79EFBC}") = "JsonParser.Tests", "JsonParser.Tests\JsonParser.Tests.csproj", "{D32EC912-2CAB-4B07-9827-F3A437FF0FDC}"
EndProject
Global
	GlobalSection(SolutionConfigurationPlatforms) = preSolution
		Debug|Any CPU = Debug|Any CPU
		Release|Any CPU = Release|Any CPU
	EndGlobalSection
	GlobalSection(ProjectConfigurationPlatforms) = postSolution
		{CC8498BF-F53A-48AF-9778-CD9CE7B8CB94}.Debug|Any CPU.ActiveCfg = Debug|Any CPU
		{CC8498BF-F53A-48AF-9778-CD9CE7B8CB94}.Debug|Any CPU.Build.0 = Debug|Any CPU
		{CC8498BF-F53A-48AF-9778-CD9CE7B8CB94}.Release|Any CPU.ActiveCfg = Release|Any CPU
		{CC8498BF-F53A-48AF-9778-CD9CE7B8CB94}.Release|Any CPU.Build.0 = Release|Any CPU
		{D32EC912-2CAB-4B07-9827-F3A437FF0FDC}.Debug|Any CPU.ActiveCfg = Debug|Any CPU
		{D32EC912-2CAB-4B07-9827-F3A437FF0FDC}.Debug|Any CPU.Build.0 = Debug|Any CPU
		{D32EC912-2CAB-4B07-9827-F3A437FF0FDC}.Release|Any CPU.ActiveCfg = Release|Any CPU
		{D32EC912-2CAB-4B07-9827-F3A437FF0FDC}.Release|Any CPU.Build.0 = Release|Any CPU
	EndGlobalSection
	GlobalSection(SolutionProperties) = preSolution
		HideSolutionNode = FALSE
	EndGlobalSection
EndGlobal
